# THIS IS AN AUTOGENERATED FILE. DO NOT EDIT THIS FILE DIRECTLY.
# yarn lockfile v1


"@types/async@2.0.50":
  version "2.0.50"
  resolved "https://registry.yarnpkg.com/@types/async/-/async-2.0.50.tgz#117540e026d64e1846093abbd5adc7e27fda7bcb"
  integrity sha512-VMhZMMQgV1zsR+lX/0IBfAk+8Eb7dPVMWiQGFAt3qjo5x7Ml6b77jUo0e1C3ToD+XRDXqtrfw+6AB0uUsPEr3Q==

"@types/zen-observable@^0.8.0":
  version "0.8.0"
  resolved "https://registry.yarnpkg.com/@types/zen-observable/-/zen-observable-0.8.0.tgz#8b63ab7f1aa5321248aad5ac890a485656dcea4d"
  integrity sha512-te5lMAWii1uEJ4FwLjzdlbw3+n0FZNOvFXHxQDKeT0dilh7HOzdMzV2TrJVUzq8ep7J4Na8OUYPRLSQkJHAlrg==

apollo-cache@1.1.22:
  version "1.1.22"
  resolved "https://registry.yarnpkg.com/apollo-cache/-/apollo-cache-1.1.22.tgz#d4682ea6e8b2508a934f61c2fd9e36b4a65041d9"
  integrity sha512-8PoxhQLISj2oHwT7i/r4l+ly4y3RKZls+dtXzAewu3U77P9dNZKhYkRNAhx9iEfsrNoHgXBV8vMp64hb1uYh+g==
  dependencies:
    apollo-utilities "^1.0.27"

apollo-client@^2.4.8:
  version "2.4.8"
  resolved "https://registry.yarnpkg.com/apollo-client/-/apollo-client-2.4.8.tgz#3a798f1076243465a59061d44d11bd030b68deb9"
  integrity sha512-OAFbCTnGPtaIv0j+EZYzY20d+MD2JNbJ/YXZ4s0/oZlSg87bb0gjcIbccw2lnytipymZcZNr5ArFFeh0saGEwA==
  dependencies:
    "@types/zen-observable" "^0.8.0"
    apollo-cache "1.1.22"
    apollo-link "^1.0.0"
    apollo-link-dedup "^1.0.0"
    apollo-utilities "1.0.27"
    symbol-observable "^1.0.2"
    zen-observable "^0.8.0"
  optionalDependencies:
    "@types/async" "2.0.50"

apollo-link-dedup@^1.0.0:
  version "1.0.13"
  resolved "https://registry.yarnpkg.com/apollo-link-dedup/-/apollo-link-dedup-1.0.13.tgz#bb22957e18b6125ae8bfb46cab6bda8d33ba8046"
  integrity sha512-i4NuqT3DSFczFcC7NMUzmnYjKX7NggLY+rqYVf+kE9JjqKOQhT6wqhaWsVIABfIUGE/N0DTgYJBCMu/18aXmYA==
  dependencies:
    apollo-link "^1.2.6"

apollo-link@^1.0.0, apollo-link@^1.2.6:
  version "1.2.6"
  resolved "https://registry.yarnpkg.com/apollo-link/-/apollo-link-1.2.6.tgz#d9b5676d79c01eb4e424b95c7171697f6ad2b8da"
  integrity sha512-sUNlA20nqIF3gG3F8eyMD+mO80fmf3dPZX+GUOs3MI9oZR8ug09H3F0UsWJMcpEg6h55Yy5wZ+BMmAjrbenF/Q==
  dependencies:
    apollo-utilities "^1.0.0"
    zen-observable-ts "^0.8.13"

apollo-utilities@1.0.27, apollo-utilities@^1.0.27:
  version "1.0.27"
  resolved "https://registry.yarnpkg.com/apollo-utilities/-/apollo-utilities-1.0.27.tgz#77c550f9086552376eca3a48e234a1466b5b057e"
  integrity sha512-nzrMQ89JMpNmYnVGJ4t8zN75gQbql27UDhlxNi+3OModp0Masx5g+fQmQJ5B4w2dpRuYOsdwFLmj3lQbwOKV1Q==
  dependencies:
    fast-json-stable-stringify "^2.0.0"

apollo-utilities@^1.0.0:
  version "1.0.26"
  resolved "https://registry.yarnpkg.com/apollo-utilities/-/apollo-utilities-1.0.26.tgz#589c66bf4d16223531351cf667a230c787def1da"
  integrity sha512-URw7o3phymliqYCYatcird2YRPUU2eWCNvip64U9gQrX56mEfK4m99yBIDCMTpmcvOFsKLii1sIEZsHIs/bvnw==
  dependencies:
    fast-json-stable-stringify "^2.0.0"

fast-json-stable-stringify@^2.0.0:
  version "2.0.0"
  resolved "https://registry.yarnpkg.com/fast-json-stable-stringify/-/fast-json-stable-stringify-2.0.0.tgz#d5142c0caee6b1189f87d3a76111064f86c8bbf2"
  integrity sha1-1RQsDK7msRifh9OnYREGT4bIu/I=

symbol-observable@^1.0.2:
  version "1.2.0"
  resolved "https://registry.yarnpkg.com/symbol-observable/-/symbol-observable-1.2.0.tgz#c22688aed4eab3cdc2dfeacbb561660560a00804"
  integrity sha512-e900nM8RRtGhlV36KGEU9k65K3mPb1WV70OdjfxlG2EAuM1noi/E/BaW/uMhL7bPEssK8QV57vN3esixjUvcXQ==

zen-observable-ts@^0.8.13:
  version "0.8.13"
  resolved "https://registry.yarnpkg.com/zen-observable-ts/-/zen-observable-ts-0.8.13.tgz#ae1fd77c84ef95510188b1f8bca579d7a5448fc2"
  integrity sha512-WDb8SM0tHCb6c0l1k60qXWlm1ok3zN9U4VkLdnBKQwIYwUoB9psH7LIFgR+JVCCMmBxUgOjskIid8/N02k/2Bg==
  dependencies:
    zen-observable "^0.8.0"

zen-observable@^0.8.0:
  version "0.8.11"
  resolved "https://registry.yarnpkg.com/zen-observable/-/zen-observable-0.8.11.tgz#d3415885eeeb42ee5abb9821c95bb518fcd6d199"
  integrity sha512-N3xXQVr4L61rZvGMpWe8XoCGX8vhU35dPyQ4fm5CY/KDlG0F75un14hjbckPXTDuKUY6V0dqR2giT6xN8Y4GEQ==
